{
  "requires": true,
  "lockfileVersion": 1,
  "dependencies": {
    "conversational-form": {
      "version": "1.0.2",
      "resolved": "https://registry.npmjs.org/conversational-form/-/conversational-form-1.0.2.tgz",
      "integrity": "sha512-sm1BspLtyNlJzGFVMAeOhphzvaGnWNEzoTUmtkmSp10Ehb+Ns+1+w1XFC+tBtkqmXIOGndDCwdsDxVN/bRjEqA=="
    }
  }
}
